
Microsoft Visual Studio Solution File, Format Version 12.00
# Visual Studio Version 16
VisualStudioVersion = 16.0.32002.261
MinimumVisualStudioVersion = 10.0.40219.1
Project("{FAE04EC0-301F-11D3-BF4B-00C04F79EFBC}") = "BookStore", "BookStore\BookStore.csproj", "{1441BA66-27E6-4EF0-8DA0-E29603E49849}"
EndProject
Global
	GlobalSection(SolutionConfigurationPlatforms) = preSolution
		Debug|Any CPU = Debug|Any CPU
		Release|Any CPU = Release|Any CPU
	EndGlobalSection
	GlobalSection(ProjectConfigurationPlatforms) = postSolution
		{1441BA66-27E6-4EF0-8DA0-E29603E49849}.Debug|Any CPU.ActiveCfg = Debug|Any CPU
		{1441BA66-27E6-4EF0-8DA0-E29603E49849}.Debug|Any CPU.Build.0 = Debug|Any CPU
		{1441BA66-27E6-4EF0-8DA0-E29603E49849}.Release|Any CPU.ActiveCfg = Release|Any CPU
		{1441BA66-27E6-4EF0-8DA0-E29603E49849}.Release|Any CPU.Build.0 = Release|Any CPU
	EndGlobalSection
	GlobalSection(SolutionProperties) = preSolution
		HideSolutionNode = FALSE
	EndGlobalSection
	GlobalSection(ExtensibilityGlobals) = postSolution
		SolutionGuid = {328D62E8-CF4C-46C4-B7C1-00CCC9D5102A}
	EndGlobalSection
EndGlobal
